<Solution>
  <Project Path="Auth.API/Auth.API.csproj" />
  <Project Path="Comment.API/Comment.API.csproj" />
  <Project Path="Follow.API/Follow.API.csproj" />
  <Project Path="Like.API/Like.API.csproj" />
  <Project Path="Notification.API/Notification.API.csproj" />
  <Project Path="Post.API/Post.API.csproj" />
</Solution>
